
Microsoft Visual Studio Solution File, Format Version 12.00
# Visual Studio 15
Project("{2150E333-8FDC-42A3-9474-1A3956D46DE8}") = "iOS", "iOS", "{8D077912-1151-4546-9E7B-32C587A54439}"
EndProject
Project("{2150E333-8FDC-42A3-9474-1A3956D46DE8}") = "Android", "Android", "{8E946EF4-B0B3-46D9-8410-3B6419ADA8F4}"
EndProject
Project("{FAE04EC0-301F-11D3-BF4B-00C04F79EFBC}") = "Adobe.Experience.iOS.Analytics", "Adobe.Experience.iOS.Analytics\Adobe.Experience.iOS.Analytics.csproj", "{E4EB9401-B8FC-4FA5-861C-0E1B78955F7F}"
EndProject
Project("{FAE04EC0-301F-11D3-BF4B-00C04F79EFBC}") = "Adobe.Experience.iOS.Core", "Adobe.Experience.iOS.Core\Adobe.Experience.iOS.Core.csproj", "{A5B31825-D685-4CBE-B02D-DBF013F19B1B}"
EndProject
Project("{FAE04EC0-301F-11D3-BF4B-00C04F79EFBC}") = "Adobe.Experience.Android.Core", "Adobe.Experience.Android.Core\Adobe.Experience.Android.Core.csproj", "{6BC3E593-535F-43E0-A8B6-3BEA38DE93C3}"
EndProject
Project("{FAE04EC0-301F-11D3-BF4B-00C04F79EFBC}") = "Adobe.Experience.iOS.Identity", "Adobe.Experience.iOS.Identity\Adobe.Experience.iOS.Identity.csproj", "{16342C72-3DAA-4483-8E4D-A2A3EDCA3DCB}"
EndProject
Global
	GlobalSection(SolutionConfigurationPlatforms) = preSolution
		Debug|Any CPU = Debug|Any CPU
		Release|Any CPU = Release|Any CPU
	EndGlobalSection
	GlobalSection(ProjectConfigurationPlatforms) = postSolution
		{E4EB9401-B8FC-4FA5-861C-0E1B78955F7F}.Debug|Any CPU.ActiveCfg = Debug|Any CPU
		{E4EB9401-B8FC-4FA5-861C-0E1B78955F7F}.Debug|Any CPU.Build.0 = Debug|Any CPU
		{E4EB9401-B8FC-4FA5-861C-0E1B78955F7F}.Release|Any CPU.ActiveCfg = Release|Any CPU
		{E4EB9401-B8FC-4FA5-861C-0E1B78955F7F}.Release|Any CPU.Build.0 = Release|Any CPU
		{A5B31825-D685-4CBE-B02D-DBF013F19B1B}.Debug|Any CPU.ActiveCfg = Debug|Any CPU
		{A5B31825-D685-4CBE-B02D-DBF013F19B1B}.Debug|Any CPU.Build.0 = Debug|Any CPU
		{A5B31825-D685-4CBE-B02D-DBF013F19B1B}.Release|Any CPU.ActiveCfg = Release|Any CPU
		{A5B31825-D685-4CBE-B02D-DBF013F19B1B}.Release|Any CPU.Build.0 = Release|Any CPU
		{6BC3E593-535F-43E0-A8B6-3BEA38DE93C3}.Debug|Any CPU.ActiveCfg = Debug|Any CPU
		{6BC3E593-535F-43E0-A8B6-3BEA38DE93C3}.Debug|Any CPU.Build.0 = Debug|Any CPU
		{6BC3E593-535F-43E0-A8B6-3BEA38DE93C3}.Release|Any CPU.ActiveCfg = Release|Any CPU
		{6BC3E593-535F-43E0-A8B6-3BEA38DE93C3}.Release|Any CPU.Build.0 = Release|Any CPU
		{16342C72-3DAA-4483-8E4D-A2A3EDCA3DCB}.Debug|Any CPU.ActiveCfg = Debug|Any CPU
		{16342C72-3DAA-4483-8E4D-A2A3EDCA3DCB}.Debug|Any CPU.Build.0 = Debug|Any CPU
		{16342C72-3DAA-4483-8E4D-A2A3EDCA3DCB}.Release|Any CPU.ActiveCfg = Release|Any CPU
		{16342C72-3DAA-4483-8E4D-A2A3EDCA3DCB}.Release|Any CPU.Build.0 = Release|Any CPU
	EndGlobalSection
	GlobalSection(NestedProjects) = preSolution
		{E4EB9401-B8FC-4FA5-861C-0E1B78955F7F} = {8D077912-1151-4546-9E7B-32C587A54439}
		{A5B31825-D685-4CBE-B02D-DBF013F19B1B} = {8D077912-1151-4546-9E7B-32C587A54439}
		{6BC3E593-535F-43E0-A8B6-3BEA38DE93C3} = {8E946EF4-B0B3-46D9-8410-3B6419ADA8F4}
		{16342C72-3DAA-4483-8E4D-A2A3EDCA3DCB} = {8D077912-1151-4546-9E7B-32C587A54439}
	EndGlobalSection
EndGlobal
